
Microsoft Visual Studio Solution File, Format Version 12.00
# Visual Studio Version 16
VisualStudioVersion = 16.0.32510.428
MinimumVisualStudioVersion = 10.0.40219.1
Project("{FAE04EC0-301F-11D3-BF4B-00C04F79EFBC}") = "LanguageProvider", "LanguageProvider\LanguageProvider.csproj", "{E6B3425B-A27D-4E50-A0C4-126AAD5036B3}"
EndProject
Global
	GlobalSection(SolutionConfigurationPlatforms) = preSolution
		Debug|Any CPU = Debug|Any CPU
		Release|Any CPU = Release|Any CPU
	EndGlobalSection
	GlobalSection(ProjectConfigurationPlatforms) = postSolution
		{E6B3425B-A27D-4E50-A0C4-126AAD5036B3}.Debug|Any CPU.ActiveCfg = Debug|Any CPU
		{E6B3425B-A27D-4E50-A0C4-126AAD5036B3}.Debug|Any CPU.Build.0 = Debug|Any CPU
		{E6B3425B-A27D-4E50-A0C4-126AAD5036B3}.Release|Any CPU.ActiveCfg = Release|Any CPU
		{E6B3425B-A27D-4E50-A0C4-126AAD5036B3}.Release|Any CPU.Build.0 = Release|Any CPU
	EndGlobalSection
	GlobalSection(SolutionProperties) = preSolution
		HideSolutionNode = FALSE
	EndGlobalSection
	GlobalSection(ExtensibilityGlobals) = postSolution
		SolutionGuid = {3D533AAC-B6FC-4767-BE58-CA05FA5A7BE1}
	EndGlobalSection
EndGlobal
